// !$*UTF8*$!
{
	archiveVersion = 1;
	classes = {
	};
	objectVersion = 50;
	objects = {

/* Begin PBXBuildFile section */
		9BB6B77422BC3C5B00FC91AA /* main.swift in Sources */ = {isa = PBXBuildFile; fileRef = 9BB6B77322BC3C5B00FC91AA /* main.swift */; };
		9BB6B77B22BC3D8300FC91AA /* Mobile.swift in Sources */ = {isa = PBXBuildFile; fileRef = 9BB6B77A22BC3D8300FC91AA /* Mobile.swift */; };
		9BB6B77D22BC3D9100FC91AA /* Internet.swift in Sources */ = {isa = PBXBuildFile; fileRef = 9BB6B77C22BC3D9100FC91AA /* Internet.swift */; };
		9BB6B77F22BC3E3900FC91AA /* Bill.swift in Sources */ = {isa = PBXBuildFile; fileRef = 9BB6B77E22BC3E3900FC91AA /* Bill.swift */; };
		9BB6B78122BC3EF800FC91AA /* IDisplay.swift in Sources */ = {isa = PBXBuildFile; fileRef = 9BB6B78022BC3EF800FC91AA /* IDisplay.swift */; };
		9BB6B78422BC3FB800FC91AA /* ExtensionDate.swift in Sources */ = {isa = PBXBuildFile; fileRef = 9BB6B78322BC3FB800FC91AA /* ExtensionDate.swift */; };
		9BB6B78622BC4F4100FC91AA /* Hydro.swift in Sources */ = {isa = PBXBuildFile; fileRef = 9BB6B78522BC4F4100FC91AA /* Hydro.swift */; };
		9BB6B78822BC51DD00FC91AA /* ExtentionData.swift in Sources */ = {isa = PBXBuildFile; fileRef = 9BB6B78722BC51DD00FC91AA /* ExtentionData.swift */; };
		9BB6B78A22BC527600FC91AA /* Customer.swift in Sources */ = {isa = PBXBuildFile; fileRef = 9BB6B78922BC527600FC91AA /* Customer.swift */; };
/* End PBXBuildFile section */

/* Begin PBXCopyFilesBuildPhase section */
		9BB6B76E22BC3C5B00FC91AA /* CopyFiles */ = {
			isa = PBXCopyFilesBuildPhase;
			buildActionMask = 2147483647;
			dstPath = /usr/share/man/man1/;
			dstSubfolderSpec = 0;
			files = (
			);
			runOnlyForDeploymentPostprocessing = 1;
		};
/* End PBXCopyFilesBuildPhase section */

/* Begin PBXFileReference section */
		9BB6B77022BC3C5B00FC91AA /* CO754427_MID_TERM_MAD3004 */ = {isa = PBXFileReference; explicitFileType = "compiled.mach-o.executable"; includeInIndex = 0; path = CO754427_MID_TERM_MAD3004; sourceTree = BUILT_PRODUCTS_DIR; };
		9BB6B77322BC3C5B00FC91AA /* main.swift */ = {isa = PBXFileReference; lastKnownFileType = sourcecode.swift; path = main.swift; sourceTree = "<group>"; };
		9BB6B77A22BC3D8300FC91AA /* Mobile.swift */ = {isa = PBXFileReference; lastKnownFileType = sourcecode.swift; path = Mobile.swift; sourceTree = "<group>"; };
		9BB6B77C22BC3D9100FC91AA /* Internet.swift */ = {isa = PBXFileReference; lastKnownFileType = sourcecode.swift; path = Internet.swift; sourceTree = "<group>"; };
		9BB6B77E22BC3E3900FC91AA /* Bill.swift */ = {isa = PBXFileReference; lastKnownFileType = sourcecode.swift; path = Bill.swift; sourceTree = "<group>"; };
		9BB6B78022BC3EF800FC91AA /* IDisplay.swift */ = {isa = PBXFileReference; lastKnownFileType = sourcecode.swift; path = IDisplay.swift; sourceTree = "<group>"; };
		9BB6B78322BC3FB800FC91AA /* ExtensionDate.swift */ = {isa = PBXFileReference; lastKnownFileType = sourcecode.swift; path = ExtensionDate.swift; sourceTree = "<group>"; };
		9BB6B78522BC4F4100FC91AA /* Hydro.swift */ = {isa = PBXFileReference; lastKnownFileType = sourcecode.swift; path = Hydro.swift; sourceTree = "<group>"; };
		9BB6B78722BC51DD00FC91AA /* ExtentionData.swift */ = {isa = PBXFileReference; lastKnownFileType = sourcecode.swift; path = ExtentionData.swift; sourceTree = "<group>"; };
		9BB6B78922BC527600FC91AA /* Customer.swift */ = {isa = PBXFileReference; lastKnownFileType = sourcecode.swift; path = Customer.swift; sourceTree = "<group>"; };
/* End PBXFileReference section */

/* Begin PBXFrameworksBuildPhase section */
		9BB6B76D22BC3C5B00FC91AA /* Frameworks */ = {
			isa = PBXFrameworksBuildPhase;
			buildActionMask = 2147483647;
			files = (
			);
			runOnlyForDeploymentPostprocessing = 0;
		};
/* End PBXFrameworksBuildPhase section */

/* Begin PBXGroup section */
		9BB6B76722BC3C5B00FC91AA = {
			isa = PBXGroup;
			children = (
				9BB6B77222BC3C5B00FC91AA /* CO754427_MID_TERM_MAD3004 */,
				9BB6B77122BC3C5B00FC91AA /* Products */,
			);
			sourceTree = "<group>";
		};
		9BB6B77122BC3C5B00FC91AA /* Products */ = {
			isa = PBXGroup;
			children = (
				9BB6B77022BC3C5B00FC91AA /* CO754427_MID_TERM_MAD3004 */,
			);
			name = Products;
			sourceTree = "<group>";
		};
		9BB6B77222BC3C5B00FC91AA /* CO754427_MID_TERM_MAD3004 */ = {
			isa = PBXGroup;
			children = (
				9BB6B77322BC3C5B00FC91AA /* main.swift */,
				9BB6B77A22BC3D8300FC91AA /* Mobile.swift */,
				9BB6B77C22BC3D9100FC91AA /* Internet.swift */,
				9BB6B77E22BC3E3900FC91AA /* Bill.swift */,
				9BB6B78022BC3EF800FC91AA /* IDisplay.swift */,
				9BB6B78322BC3FB800FC91AA /* ExtensionDate.swift */,
				9BB6B78522BC4F4100FC91AA /* Hydro.swift */,
				9BB6B78722BC51DD00FC91AA /* ExtentionData.swift */,
				9BB6B78922BC527600FC91AA /* Customer.swift */,
			);
			path = CO754427_MID_TERM_MAD3004;
			sourceTree = "<group>";
		};
/* End PBXGroup section */

/* Begin PBXNativeTarget section */
		9BB6B76F22BC3C5B00FC91AA /* CO754427_MID_TERM_MAD3004 */ = {
			isa = PBXNativeTarget;
			buildConfigurationList = 9BB6B77722BC3C5B00FC91AA /* Build configuration list for PBXNativeTarget "CO754427_MID_TERM_MAD3004" */;
			buildPhases = (
				9BB6B76C22BC3C5B00FC91AA /* Sources */,
				9BB6B76D22BC3C5B00FC91AA /* Frameworks */,
				9BB6B76E22BC3C5B00FC91AA /* CopyFiles */,
			);
			buildRules = (
			);
			dependencies = (
			);
			name = CO754427_MID_TERM_MAD3004;
			productName = CO754427_MID_TERM_MAD3004;
			productReference = 9BB6B77022BC3C5B00FC91AA /* CO754427_MID_TERM_MAD3004 */;
			productType = "com.apple.product-type.tool";
		};
/* End PBXNativeTarget section */

/* Begin PBXProject section */
		9BB6B76822BC3C5B00FC91AA /* Project object */ = {
			isa = PBXProject;
			attributes = {
				LastSwiftUpdateCheck = 1020;
				LastUpgradeCheck = 1020;
				ORGANIZATIONNAME = MacStudent;
				TargetAttributes = {
					9BB6B76F22BC3C5B00FC91AA = {
						CreatedOnToolsVersion = 10.2.1;
					};
				};
			};
			buildConfigurationList = 9BB6B76B22BC3C5B00FC91AA /* Build configuration list for PBXProject "CO754427_MID_TERM_MAD3004" */;
			compatibilityVersion = "Xcode 9.3";
			developmentRegion = en;
			hasScannedForEncodings = 0;
			knownRegions = (
				en,
			);
			mainGroup = 9BB6B76722BC3C5B00FC91AA;
			productRefGroup = 9BB6B77122BC3C5B00FC91AA /* Products */;
			projectDirPath = "";
			projectRoot = "";
			targets = (
				9BB6B76F22BC3C5B00FC91AA /* CO754427_MID_TERM_MAD3004 */,
			);
		};
/* End PBXProject section */

/* Begin PBXSourcesBuildPhase section */
		9BB6B76C22BC3C5B00FC91AA /* Sources */ = {
			isa = PBXSourcesBuildPhase;
			buildActionMask = 2147483647;
			files = (
				9BB6B78622BC4F4100FC91AA /* Hydro.swift in Sources */,
				9BB6B77F22BC3E3900FC91AA /* Bill.swift in Sources */,
				9BB6B78422BC3FB800FC91AA /* ExtensionDate.swift in Sources */,
				9BB6B77D22BC3D9100FC91AA /* Internet.swift in Sources */,
				9BB6B77422BC3C5B00FC91AA /* main.swift in Sources */,
				9BB6B78122BC3EF800FC91AA /* IDisplay.swift in Sources */,
				9BB6B78A22BC527600FC91AA /* Customer.swift in Sources */,
				9BB6B78822BC51DD00FC91AA /* ExtentionData.swift in Sources */,
				9BB6B77B22BC3D8300FC91AA /* Mobile.swift in Sources */,
			);
			runOnlyForDeploymentPostprocessing = 0;
		};
/* End PBXSourcesBuildPhase section */

/* Begin XCBuildConfiguration section */
		9BB6B77522BC3C5B00FC91AA /* Debug */ = {
			isa = XCBuildConfiguration;
			buildSettings = {
				ALWAYS_SEARCH_USER_PATHS = NO;
				CLANG_ANALYZER_NONNULL = YES;
				CLANG_ANALYZER_NUMBER_OBJECT_CONVERSION = YES_AGGRESSIVE;
				CLANG_CXX_LANGUAGE_STANDARD = "gnu++14";
				CLANG_CXX_LIBRARY = "libc++";
				CLANG_ENABLE_MODULES = YES;
				CLANG_ENABLE_OBJC_ARC = YES;
				CLANG_ENABLE_OBJC_WEAK = YES;
				CLANG_WARN_BLOCK_CAPTURE_AUTORELEASING = YES;
				CLANG_WARN_BOOL_CONVERSION = YES;
				CLANG_WARN_COMMA = YES;
				CLANG_WARN_CONSTANT_CONVERSION = YES;
				CLANG_WARN_DEPRECATED_OBJC_IMPLEMENTATIONS = YES;
				CLANG_WARN_DIRECT_OBJC_ISA_USAGE = YES_ERROR;
				CLANG_WARN_DOCUMENTATION_COMMENTS = YES;
				CLANG_WARN_EMPTY_BODY = YES;
				CLANG_WARN_ENUM_CONVERSION = YES;
				CLANG_WARN_INFINITE_RECURSION = YES;
				CLANG_WARN_INT_CONVERSION = YES;
				CLANG_WARN_NON_LITERAL_NULL_CONVERSION = YES;
				CLANG_WARN_OBJC_IMPLICIT_RETAIN_SELF = YES;
				CLANG_WARN_OBJC_LITERAL_CONVERSION = YES;
				CLANG_WARN_OBJC_ROOT_CLASS = YES_ERROR;
				CLANG_WARN_RANGE_LOOP_ANALYSIS = YES;
				CLANG_WARN_STRICT_PROTOTYPES = YES;
				CLANG_WARN_SUSPICIOUS_MOVE = YES;
				CLANG_WARN_UNGUARDED_AVAILABILITY = YES_AGGRESSIVE;
				CLANG_WARN_UNREACHABLE_CODE = YES;
				CLANG_WARN__DUPLICATE_METHOD_MATCH = YES;
				CODE_SIGN_IDENTITY = "-";
				COPY_PHASE_STRIP = NO;
				DEBUG_INFORMATION_FORMAT = dwarf;
				ENABLE_STRICT_OBJC_MSGSEND = YES;
				ENABLE_TESTABILITY = YES;
				GCC_C_LANGUAGE_STANDARD = gnu11;
				GCC_DYNAMIC_NO_PIC = NO;
				GCC_NO_COMMON_BLOCKS = YES;
				GCC_OPTIMIZATION_LEVEL = 0;
				GCC_PREPROCESSOR_DEFINITIONS = (
					"DEBUG=1",
					"$(inherited)",
				);
				GCC_WARN_64_TO_32_BIT_CONVERSION = YES;
				GCC_WARN_ABOUT_RETURN_TYPE = YES_ERROR;
				GCC_WARN_UNDECLARED_SELECTOR = YES;
				GCC_WARN_UNINITIALIZED_AUTOS = YES_AGGRESSIVE;
				GCC_WARN_UNUSED_FUNCTION = YES;
				GCC_WARN_UNUSED_VARIABLE = YES;
				MACOSX_DEPLOYMENT_TARGET = 10.14;
				MTL_ENABLE_DEBUG_INFO = INCLUDE_SOURCE;
				MTL_FAST_MATH = YES;
				ONLY_ACTIVE_ARCH = YES;
				SDKROOT = macosx;
				SWIFT_ACTIVE_COMPILATION_CONDITIONS = DEBUG;
				SWIFT_OPTIMIZATION_LEVEL = "-Onone";
			};
			name = Debug;
		};
		9BB6B77622BC3C5B00FC91AA /* Release */ = {
			isa = XCBuildConfiguration;
			buildSettings = {
				ALWAYS_SEARCH_USER_PATHS = NO;
				CLANG_ANALYZER_NONNULL = YES;
				CLANG_ANALYZER_NUMBER_OBJECT_CONVERSION = YES_AGGRESSIVE;
				CLANG_CXX_LANGUAGE_STANDARD = "gnu++14";
				CLANG_CXX_LIBRARY = "libc++";
				CLANG_ENABLE_MODULES = YES;
				CLANG_ENABLE_OBJC_ARC = YES;
				CLANG_ENABLE_OBJC_WEAK = YES;
				CLANG_WARN_BLOCK_CAPTURE_AUTORELEASING = YES;
				CLANG_WARN_BOOL_CONVERSION = YES;
				CLANG_WARN_COMMA = YES;
				CLANG_WARN_CONSTANT_CONVERSION = YES;
				CLANG_WARN_DEPRECATED_OBJC_IMPLEMENTATIONS = YES;
				CLANG_WARN_DIRECT_OBJC_ISA_USAGE = YES_ERROR;
				CLANG_WARN_DOCUMENTATION_COMMENTS = YES;
				CLANG_WARN_EMPTY_BODY = YES;
				CLANG_WARN_ENUM_CONVERSION = YES;
				CLANG_WARN_INFINITE_RECURSION = YES;
				CLANG_WARN_INT_CONVERSION = YES;
				CLANG_WARN_NON_LITERAL_NULL_CONVERSION = YES;
				CLANG_WARN_OBJC_IMPLICIT_RETAIN_SELF = YES;
				CLANG_WARN_OBJC_LITERAL_CONVERSION = YES;
				CLANG_WARN_OBJC_ROOT_CLASS = YES_ERROR;
				CLANG_WARN_RANGE_LOOP_ANALYSIS = YES;
				CLANG_WARN_STRICT_PROTOTYPES = YES;
				CLANG_WARN_SUSPICIOUS_MOVE = YES;
				CLANG_WARN_UNGUARDED_AVAILABILITY = YES_AGGRESSIVE;
				CLANG_WARN_UNREACHABLE_CODE = YES;
				CLANG_WARN__DUPLICATE_METHOD_MATCH = YES;
				CODE_SIGN_IDENTITY = "-";
				COPY_PHASE_STRIP = NO;
				DEBUG_INFORMATION_FORMAT = "dwarf-with-dsym";
				ENABLE_NS_ASSERTIONS = NO;
				ENABLE_STRICT_OBJC_MSGSEND = YES;
				GCC_C_LANGUAGE_STANDARD = gnu11;
				GCC_NO_COMMON_BLOCKS = YES;
				GCC_WARN_64_TO_32_BIT_CONVERSION = YES;
				GCC_WARN_ABOUT_RETURN_TYPE = YES_ERROR;
				GCC_WARN_UNDECLARED_SELECTOR = YES;
				GCC_WARN_UNINITIALIZED_AUTOS = YES_AGGRESSIVE;
				GCC_WARN_UNUSED_FUNCTION = YES;
				GCC_WARN_UNUSED_VARIABLE = YES;
				MACOSX_DEPLOYMENT_TARGET = 10.14;
				MTL_ENABLE_DEBUG_INFO = NO;
				MTL_FAST_MATH = YES;
				SDKROOT = macosx;
				SWIFT_COMPILATION_MODE = wholemodule;
				SWIFT_OPTIMIZATION_LEVEL = "-O";
			};
			name = Release;
		};
		9BB6B77822BC3C5B00FC91AA /* Debug */ = {
			isa = XCBuildConfiguration;
			buildSettings = {
				CODE_SIGN_STYLE = Automatic;
				PRODUCT_NAME = "$(TARGET_NAME)";
				SWIFT_VERSION = 5.0;
			};
			name = Debug;
		};
		9BB6B77922BC3C5B00FC91AA /* Release */ = {
			isa = XCBuildConfiguration;
			buildSettings = {
				CODE_SIGN_STYLE = Automatic;
				PRODUCT_NAME = "$(TARGET_NAME)";
				SWIFT_VERSION = 5.0;
			};
			name = Release;
		};
/* End XCBuildConfiguration section */

/* Begin XCConfigurationList section */
		9BB6B76B22BC3C5B00FC91AA /* Build configuration list for PBXProject "CO754427_MID_TERM_MAD3004" */ = {
			isa = XCConfigurationList;
			buildConfigurations = (
				9BB6B77522BC3C5B00FC91AA /* Debug */,
				9BB6B77622BC3C5B00FC91AA /* Release */,
			);
			defaultConfigurationIsVisible = 0;
			defaultConfigurationName = Release;
		};
		9BB6B77722BC3C5B00FC91AA /* Build configuration list for PBXNativeTarget "CO754427_MID_TERM_MAD3004" */ = {
			isa = XCConfigurationList;
			buildConfigurations = (
				9BB6B77822BC3C5B00FC91AA /* Debug */,
				9BB6B77922BC3C5B00FC91AA /* Release */,
			);
			defaultConfigurationIsVisible = 0;
			defaultConfigurationName = Release;
		};
/* End XCConfigurationList section */
	};
	rootObject = 9BB6B76822BC3C5B00FC91AA /* Project object */;
}
